
Microsoft Visual Studio Solution File, Format Version 12.00
# Visual Studio Version 16
VisualStudioVersion = 16.0.30011.22
MinimumVisualStudioVersion = 10.0.40219.1
Project("{FAE04EC0-301F-11D3-BF4B-00C04F79EFBC}") = "Todo Notes", "EquipmentManagement\Todo Notes.csproj", "{BD313AC4-ACE9-4569-856A-5CB1B4B6B551}"
EndProject
Global
	GlobalSection(SolutionConfigurationPlatforms) = preSolution
		Debug|Any CPU = Debug|Any CPU
		Release|Any CPU = Release|Any CPU
	EndGlobalSection
	GlobalSection(ProjectConfigurationPlatforms) = postSolution
		{BD313AC4-ACE9-4569-856A-5CB1B4B6B551}.Debug|Any CPU.ActiveCfg = Debug|Any CPU
		{BD313AC4-ACE9-4569-856A-5CB1B4B6B551}.Debug|Any CPU.Build.0 = Debug|Any CPU
		{BD313AC4-ACE9-4569-856A-5CB1B4B6B551}.Release|Any CPU.ActiveCfg = Release|Any CPU
		{BD313AC4-ACE9-4569-856A-5CB1B4B6B551}.Release|Any CPU.Build.0 = Release|Any CPU
	EndGlobalSection
	GlobalSection(SolutionProperties) = preSolution
		HideSolutionNode = FALSE
	EndGlobalSection
	GlobalSection(ExtensibilityGlobals) = postSolution
		SolutionGuid = {ECE9F64C-42B3-49BB-93AE-1AFE148A2C47}
	EndGlobalSection
EndGlobal
